
Microsoft Visual Studio Solution File, Format Version 12.00
# Visual Studio 15
VisualStudioVersion = 15.0.27428.2043
MinimumVisualStudioVersion = 10.0.40219.1
Project("{FAE04EC0-301F-11D3-BF4B-00C04F79EFBC}") = "MasterDetail.Android", "MasterDetail\MasterDetail.Android\MasterDetail.Android.csproj", "{C9F39195-C4E9-4FB1-9768-09D1276AA158}"
EndProject
Project("{FAE04EC0-301F-11D3-BF4B-00C04F79EFBC}") = "MasterDetail.iOS", "MasterDetail\MasterDetail.iOS\MasterDetail.iOS.csproj", "{7BCEA554-4B13-40F6-BDA2-EAB6CA7949AF}"
EndProject
Project("{FAE04EC0-301F-11D3-BF4B-00C04F79EFBC}") = "MasterDetail", "MasterDetail\MasterDetail\MasterDetail.csproj", "{AE264F64-9F58-4484-9C5C-032D09DA7FD7}"
EndProject
Global
	GlobalSection(SolutionConfigurationPlatforms) = preSolution
		Ad-Hoc|Any CPU = Ad-Hoc|Any CPU
		Ad-Hoc|iPhone = Ad-Hoc|iPhone
		Ad-Hoc|iPhoneSimulator = Ad-Hoc|iPhoneSimulator
		AppStore|Any CPU = AppStore|Any CPU
		AppStore|iPhone = AppStore|iPhone
		AppStore|iPhoneSimulator = AppStore|iPhoneSimulator
		Debug|Any CPU = Debug|Any CPU
		Debug|iPhone = Debug|iPhone
		Debug|iPhoneSimulator = Debug|iPhoneSimulator
		Release|Any CPU = Release|Any CPU
		Release|iPhone = Release|iPhone
		Release|iPhoneSimulator = Release|iPhoneSimulator
	EndGlobalSection
	GlobalSection(ProjectConfigurationPlatforms) = postSolution
		{C9F39195-C4E9-4FB1-9768-09D1276AA158}.Ad-Hoc|Any CPU.ActiveCfg = Release|Any CPU
		{C9F39195-C4E9-4FB1-9768-09D1276AA158}.Ad-Hoc|Any CPU.Build.0 = Release|Any CPU
		{C9F39195-C4E9-4FB1-9768-09D1276AA158}.Ad-Hoc|Any CPU.Deploy.0 = Release|Any CPU
		{C9F39195-C4E9-4FB1-9768-09D1276AA158}.Ad-Hoc|iPhone.ActiveCfg = Release|Any CPU
		{C9F39195-C4E9-4FB1-9768-09D1276AA158}.Ad-Hoc|iPhone.Build.0 = Release|Any CPU
		{C9F39195-C4E9-4FB1-9768-09D1276AA158}.Ad-Hoc|iPhone.Deploy.0 = Release|Any CPU
		{C9F39195-C4E9-4FB1-9768-09D1276AA158}.Ad-Hoc|iPhoneSimulator.ActiveCfg = Release|Any CPU
		{C9F39195-C4E9-4FB1-9768-09D1276AA158}.Ad-Hoc|iPhoneSimulator.Build.0 = Release|Any CPU
		{C9F39195-C4E9-4FB1-9768-09D1276AA158}.Ad-Hoc|iPhoneSimulator.Deploy.0 = Release|Any CPU
		{C9F39195-C4E9-4FB1-9768-09D1276AA158}.AppStore|Any CPU.ActiveCfg = Release|Any CPU
		{C9F39195-C4E9-4FB1-9768-09D1276AA158}.AppStore|Any CPU.Build.0 = Release|Any CPU
		{C9F39195-C4E9-4FB1-9768-09D1276AA158}.AppStore|Any CPU.Deploy.0 = Release|Any CPU
		{C9F39195-C4E9-4FB1-9768-09D1276AA158}.AppStore|iPhone.ActiveCfg = Release|Any CPU
		{C9F39195-C4E9-4FB1-9768-09D1276AA158}.AppStore|iPhone.Build.0 = Release|Any CPU
		{C9F39195-C4E9-4FB1-9768-09D1276AA158}.AppStore|iPhone.Deploy.0 = Release|Any CPU
		{C9F39195-C4E9-4FB1-9768-09D1276AA158}.AppStore|iPhoneSimulator.ActiveCfg = Release|Any CPU
		{C9F39195-C4E9-4FB1-9768-09D1276AA158}.AppStore|iPhoneSimulator.Build.0 = Release|Any CPU
		{C9F39195-C4E9-4FB1-9768-09D1276AA158}.AppStore|iPhoneSimulator.Deploy.0 = Release|Any CPU
		{C9F39195-C4E9-4FB1-9768-09D1276AA158}.Debug|Any CPU.ActiveCfg = Debug|Any CPU
		{C9F39195-C4E9-4FB1-9768-09D1276AA158}.Debug|Any CPU.Build.0 = Debug|Any CPU
		{C9F39195-C4E9-4FB1-9768-09D1276AA158}.Debug|Any CPU.Deploy.0 = Debug|Any CPU
		{C9F39195-C4E9-4FB1-9768-09D1276AA158}.Debug|iPhone.ActiveCfg = Debug|Any CPU
		{C9F39195-C4E9-4FB1-9768-09D1276AA158}.Debug|iPhone.Build.0 = Debug|Any CPU
		{C9F39195-C4E9-4FB1-9768-09D1276AA158}.Debug|iPhone.Deploy.0 = Debug|Any CPU
		{C9F39195-C4E9-4FB1-9768-09D1276AA158}.Debug|iPhoneSimulator.ActiveCfg = Debug|Any CPU
		{C9F39195-C4E9-4FB1-9768-09D1276AA158}.Debug|iPhoneSimulator.Build.0 = Debug|Any CPU
		{C9F39195-C4E9-4FB1-9768-09D1276AA158}.Debug|iPhoneSimulator.Deploy.0 = Debug|Any CPU
		{C9F39195-C4E9-4FB1-9768-09D1276AA158}.Release|Any CPU.ActiveCfg = Release|Any CPU
		{C9F39195-C4E9-4FB1-9768-09D1276AA158}.Release|Any CPU.Build.0 = Release|Any CPU
		{C9F39195-C4E9-4FB1-9768-09D1276AA158}.Release|Any CPU.Deploy.0 = Release|Any CPU
		{C9F39195-C4E9-4FB1-9768-09D1276AA158}.Release|iPhone.ActiveCfg = Release|Any CPU
		{C9F39195-C4E9-4FB1-9768-09D1276AA158}.Release|iPhone.Build.0 = Release|Any CPU
		{C9F39195-C4E9-4FB1-9768-09D1276AA158}.Release|iPhone.Deploy.0 = Release|Any CPU
		{C9F39195-C4E9-4FB1-9768-09D1276AA158}.Release|iPhoneSimulator.ActiveCfg = Release|Any CPU
		{C9F39195-C4E9-4FB1-9768-09D1276AA158}.Release|iPhoneSimulator.Build.0 = Release|Any CPU
		{C9F39195-C4E9-4FB1-9768-09D1276AA158}.Release|iPhoneSimulator.Deploy.0 = Release|Any CPU
		{7BCEA554-4B13-40F6-BDA2-EAB6CA7949AF}.Ad-Hoc|Any CPU.ActiveCfg = Ad-Hoc|iPhone
		{7BCEA554-4B13-40F6-BDA2-EAB6CA7949AF}.Ad-Hoc|iPhone.ActiveCfg = Ad-Hoc|iPhone
		{7BCEA554-4B13-40F6-BDA2-EAB6CA7949AF}.Ad-Hoc|iPhone.Build.0 = Ad-Hoc|iPhone
		{7BCEA554-4B13-40F6-BDA2-EAB6CA7949AF}.Ad-Hoc|iPhoneSimulator.ActiveCfg = Ad-Hoc|iPhoneSimulator
		{7BCEA554-4B13-40F6-BDA2-EAB6CA7949AF}.Ad-Hoc|iPhoneSimulator.Build.0 = Ad-Hoc|iPhoneSimulator
		{7BCEA554-4B13-40F6-BDA2-EAB6CA7949AF}.AppStore|Any CPU.ActiveCfg = AppStore|iPhone
		{7BCEA554-4B13-40F6-BDA2-EAB6CA7949AF}.AppStore|iPhone.ActiveCfg = AppStore|iPhone
		{7BCEA554-4B13-40F6-BDA2-EAB6CA7949AF}.AppStore|iPhone.Build.0 = AppStore|iPhone
		{7BCEA554-4B13-40F6-BDA2-EAB6CA7949AF}.AppStore|iPhoneSimulator.ActiveCfg = AppStore|iPhoneSimulator
		{7BCEA554-4B13-40F6-BDA2-EAB6CA7949AF}.AppStore|iPhoneSimulator.Build.0 = AppStore|iPhoneSimulator
		{7BCEA554-4B13-40F6-BDA2-EAB6CA7949AF}.Debug|Any CPU.ActiveCfg = Debug|iPhone
		{7BCEA554-4B13-40F6-BDA2-EAB6CA7949AF}.Debug|iPhone.ActiveCfg = Debug|iPhone
		{7BCEA554-4B13-40F6-BDA2-EAB6CA7949AF}.Debug|iPhone.Build.0 = Debug|iPhone
		{7BCEA554-4B13-40F6-BDA2-EAB6CA7949AF}.Debug|iPhoneSimulator.ActiveCfg = Debug|iPhoneSimulator
		{7BCEA554-4B13-40F6-BDA2-EAB6CA7949AF}.Debug|iPhoneSimulator.Build.0 = Debug|iPhoneSimulator
		{7BCEA554-4B13-40F6-BDA2-EAB6CA7949AF}.Release|Any CPU.ActiveCfg = Release|iPhone
		{7BCEA554-4B13-40F6-BDA2-EAB6CA7949AF}.Release|iPhone.ActiveCfg = Release|iPhone
		{7BCEA554-4B13-40F6-BDA2-EAB6CA7949AF}.Release|iPhone.Build.0 = Release|iPhone
		{7BCEA554-4B13-40F6-BDA2-EAB6CA7949AF}.Release|iPhoneSimulator.ActiveCfg = Release|iPhoneSimulator
		{7BCEA554-4B13-40F6-BDA2-EAB6CA7949AF}.Release|iPhoneSimulator.Build.0 = Release|iPhoneSimulator
		{AE264F64-9F58-4484-9C5C-032D09DA7FD7}.Ad-Hoc|Any CPU.ActiveCfg = Debug|Any CPU
		{AE264F64-9F58-4484-9C5C-032D09DA7FD7}.Ad-Hoc|Any CPU.Build.0 = Debug|Any CPU
		{AE264F64-9F58-4484-9C5C-032D09DA7FD7}.Ad-Hoc|iPhone.ActiveCfg = Debug|Any CPU
		{AE264F64-9F58-4484-9C5C-032D09DA7FD7}.Ad-Hoc|iPhone.Build.0 = Debug|Any CPU
		{AE264F64-9F58-4484-9C5C-032D09DA7FD7}.Ad-Hoc|iPhoneSimulator.ActiveCfg = Debug|Any CPU
		{AE264F64-9F58-4484-9C5C-032D09DA7FD7}.Ad-Hoc|iPhoneSimulator.Build.0 = Debug|Any CPU
		{AE264F64-9F58-4484-9C5C-032D09DA7FD7}.AppStore|Any CPU.ActiveCfg = Debug|Any CPU
		{AE264F64-9F58-4484-9C5C-032D09DA7FD7}.AppStore|Any CPU.Build.0 = Debug|Any CPU
		{AE264F64-9F58-4484-9C5C-032D09DA7FD7}.AppStore|iPhone.ActiveCfg = Debug|Any CPU
		{AE264F64-9F58-4484-9C5C-032D09DA7FD7}.AppStore|iPhone.Build.0 = Debug|Any CPU
		{AE264F64-9F58-4484-9C5C-032D09DA7FD7}.AppStore|iPhoneSimulator.ActiveCfg = Debug|Any CPU
		{AE264F64-9F58-4484-9C5C-032D09DA7FD7}.AppStore|iPhoneSimulator.Build.0 = Debug|Any CPU
		{AE264F64-9F58-4484-9C5C-032D09DA7FD7}.Debug|Any CPU.ActiveCfg = Debug|Any CPU
		{AE264F64-9F58-4484-9C5C-032D09DA7FD7}.Debug|Any CPU.Build.0 = Debug|Any CPU
		{AE264F64-9F58-4484-9C5C-032D09DA7FD7}.Debug|iPhone.ActiveCfg = Debug|Any CPU
		{AE264F64-9F58-4484-9C5C-032D09DA7FD7}.Debug|iPhone.Build.0 = Debug|Any CPU
		{AE264F64-9F58-4484-9C5C-032D09DA7FD7}.Debug|iPhoneSimulator.ActiveCfg = Debug|Any CPU
		{AE264F64-9F58-4484-9C5C-032D09DA7FD7}.Debug|iPhoneSimulator.Build.0 = Debug|Any CPU
		{AE264F64-9F58-4484-9C5C-032D09DA7FD7}.Release|Any CPU.ActiveCfg = Release|Any CPU
		{AE264F64-9F58-4484-9C5C-032D09DA7FD7}.Release|Any CPU.Build.0 = Release|Any CPU
		{AE264F64-9F58-4484-9C5C-032D09DA7FD7}.Release|iPhone.ActiveCfg = Release|Any CPU
		{AE264F64-9F58-4484-9C5C-032D09DA7FD7}.Release|iPhone.Build.0 = Release|Any CPU
		{AE264F64-9F58-4484-9C5C-032D09DA7FD7}.Release|iPhoneSimulator.ActiveCfg = Release|Any CPU
		{AE264F64-9F58-4484-9C5C-032D09DA7FD7}.Release|iPhoneSimulator.Build.0 = Release|Any CPU
	EndGlobalSection
	GlobalSection(SolutionProperties) = preSolution
		HideSolutionNode = FALSE
	EndGlobalSection
	GlobalSection(ExtensibilityGlobals) = postSolution
		SolutionGuid = {101EE26F-44CC-49F3-8B8A-C7BBC2FFE611}
	EndGlobalSection
EndGlobal
